
Microsoft Visual Studio Solution File, Format Version 12.00
# Visual Studio Version 17
VisualStudioVersion = 17.4.33205.214
MinimumVisualStudioVersion = 10.0.40219.1
Project("{9A19103F-16F7-4668-BE54-9A1E7A4F7556}") = "RegistrationSystem", "RegistrationSystem\RegistrationSystem.csproj", "{BF349EB7-01F4-4F0B-8DE2-542648E62042}"
EndProject
Global
	GlobalSection(SolutionConfigurationPlatforms) = preSolution
		Debug|Any CPU = Debug|Any CPU
		Release|Any CPU = Release|Any CPU
	EndGlobalSection
	GlobalSection(ProjectConfigurationPlatforms) = postSolution
		{BF349EB7-01F4-4F0B-8DE2-542648E62042}.Debug|Any CPU.ActiveCfg = Debug|Any CPU
		{BF349EB7-01F4-4F0B-8DE2-542648E62042}.Debug|Any CPU.Build.0 = Debug|Any CPU
		{BF349EB7-01F4-4F0B-8DE2-542648E62042}.Release|Any CPU.ActiveCfg = Release|Any CPU
		{BF349EB7-01F4-4F0B-8DE2-542648E62042}.Release|Any CPU.Build.0 = Release|Any CPU
	EndGlobalSection
	GlobalSection(SolutionProperties) = preSolution
		HideSolutionNode = FALSE
	EndGlobalSection
	GlobalSection(ExtensibilityGlobals) = postSolution
		SolutionGuid = {4FD597B1-D194-426E-9B24-7FE95784629E}
	EndGlobalSection
EndGlobal
